
Microsoft Visual Studio Solution File, Format Version 12.00
# Visual Studio Version 17
VisualStudioVersion = 17.6.33829.357
MinimumVisualStudioVersion = 10.0.40219.1
Project("{9A19103F-16F7-4668-BE54-9A1E7A4F7556}") = "Bulky.Web", "BulkyWeb\Bulky.Web.csproj", "{F32BD448-5822-41B2-AFA2-993A1D51F28D}"
EndProject
Project("{FAE04EC0-301F-11D3-BF4B-00C04F79EFBC}") = "Bulky.DataAccess", "Bulky.DataAccess\Bulky.DataAccess.csproj", "{8357E1B2-8BDF-49E8-8134-3C121F781657}"
EndProject
Project("{FAE04EC0-301F-11D3-BF4B-00C04F79EFBC}") = "Bulky.Models", "Bulky.Models\Bulky.Models.csproj", "{0F2C20EC-0654-4420-8783-22E609E16F3F}"
EndProject
Project("{FAE04EC0-301F-11D3-BF4B-00C04F79EFBC}") = "Bulky.Utility", "Bulky.Utility\Bulky.Utility.csproj", "{27FF207D-C5CD-48C2-B57C-8F06E4F0DDBA}"
EndProject
Global
	GlobalSection(SolutionConfigurationPlatforms) = preSolution
		Debug|Any CPU = Debug|Any CPU
		Release|Any CPU = Release|Any CPU
	EndGlobalSection
	GlobalSection(ProjectConfigurationPlatforms) = postSolution
		{F32BD448-5822-41B2-AFA2-993A1D51F28D}.Debug|Any CPU.ActiveCfg = Debug|Any CPU
		{F32BD448-5822-41B2-AFA2-993A1D51F28D}.Debug|Any CPU.Build.0 = Debug|Any CPU
		{F32BD448-5822-41B2-AFA2-993A1D51F28D}.Release|Any CPU.ActiveCfg = Release|Any CPU
		{F32BD448-5822-41B2-AFA2-993A1D51F28D}.Release|Any CPU.Build.0 = Release|Any CPU
		{8357E1B2-8BDF-49E8-8134-3C121F781657}.Debug|Any CPU.ActiveCfg = Debug|Any CPU
		{8357E1B2-8BDF-49E8-8134-3C121F781657}.Debug|Any CPU.Build.0 = Debug|Any CPU
		{8357E1B2-8BDF-49E8-8134-3C121F781657}.Release|Any CPU.ActiveCfg = Release|Any CPU
		{8357E1B2-8BDF-49E8-8134-3C121F781657}.Release|Any CPU.Build.0 = Release|Any CPU
		{0F2C20EC-0654-4420-8783-22E609E16F3F}.Debug|Any CPU.ActiveCfg = Debug|Any CPU
		{0F2C20EC-0654-4420-8783-22E609E16F3F}.Debug|Any CPU.Build.0 = Debug|Any CPU
		{0F2C20EC-0654-4420-8783-22E609E16F3F}.Release|Any CPU.ActiveCfg = Release|Any CPU
		{0F2C20EC-0654-4420-8783-22E609E16F3F}.Release|Any CPU.Build.0 = Release|Any CPU
		{27FF207D-C5CD-48C2-B57C-8F06E4F0DDBA}.Debug|Any CPU.ActiveCfg = Debug|Any CPU
		{27FF207D-C5CD-48C2-B57C-8F06E4F0DDBA}.Debug|Any CPU.Build.0 = Debug|Any CPU
		{27FF207D-C5CD-48C2-B57C-8F06E4F0DDBA}.Release|Any CPU.ActiveCfg = Release|Any CPU
		{27FF207D-C5CD-48C2-B57C-8F06E4F0DDBA}.Release|Any CPU.Build.0 = Release|Any CPU
	EndGlobalSection
	GlobalSection(SolutionProperties) = preSolution
		HideSolutionNode = FALSE
	EndGlobalSection
	GlobalSection(ExtensibilityGlobals) = postSolution
		SolutionGuid = {F9243046-9F63-4609-AE0C-F802AC7638ED}
	EndGlobalSection
EndGlobal
